
Microsoft Visual Studio Solution File, Format Version 12.00
# Visual Studio Version 17
VisualStudioVersion = 17.10.35013.160
MinimumVisualStudioVersion = 10.0.40219.1
Project("{9A19103F-16F7-4668-BE54-9A1E7A4F7556}") = "GMN Core 3.0", "GMN Core 3.0.csproj", "{B0283E48-F107-4569-A97C-564309B4F6A3}"
EndProject
Project("{9A19103F-16F7-4668-BE54-9A1E7A4F7556}") = "ZLR.VM", "ZLR.VM\ZLR.VM.csproj", "{42371D96-9F71-4DAB-A242-82DD07F72E67}"
EndProject
Global
	GlobalSection(SolutionConfigurationPlatforms) = preSolution
		Debug|Any CPU = Debug|Any CPU
		Release|Any CPU = Release|Any CPU
	EndGlobalSection
	GlobalSection(ProjectConfigurationPlatforms) = postSolution
		{B0283E48-F107-4569-A97C-564309B4F6A3}.Debug|Any CPU.ActiveCfg = Debug|Any CPU
		{B0283E48-F107-4569-A97C-564309B4F6A3}.Debug|Any CPU.Build.0 = Debug|Any CPU
		{B0283E48-F107-4569-A97C-564309B4F6A3}.Release|Any CPU.ActiveCfg = Release|Any CPU
		{B0283E48-F107-4569-A97C-564309B4F6A3}.Release|Any CPU.Build.0 = Release|Any CPU
		{42371D96-9F71-4DAB-A242-82DD07F72E67}.Debug|Any CPU.ActiveCfg = Debug|Any CPU
		{42371D96-9F71-4DAB-A242-82DD07F72E67}.Debug|Any CPU.Build.0 = Debug|Any CPU
		{42371D96-9F71-4DAB-A242-82DD07F72E67}.Release|Any CPU.ActiveCfg = Release|Any CPU
		{42371D96-9F71-4DAB-A242-82DD07F72E67}.Release|Any CPU.Build.0 = Release|Any CPU
	EndGlobalSection
	GlobalSection(SolutionProperties) = preSolution
		HideSolutionNode = FALSE
	EndGlobalSection
	GlobalSection(ExtensibilityGlobals) = postSolution
		SolutionGuid = {BF2B9025-6A7B-48B1-8638-7BAB983B6949}
	EndGlobalSection
EndGlobal
